
Microsoft Visual Studio Solution File, Format Version 12.00
# Visual Studio Version 16
VisualStudioVersion = 16.0.29728.190
MinimumVisualStudioVersion = 10.0.40219.1
Project("{8BC9CEB8-8B4A-11D0-8D11-00A0C91BC942}") = "GW2Spy", "GW2Spy\GW2Spy.vcxproj", "{45861161-552F-428F-AC13-5F8D867F78C1}"
EndProject
Project("{8BC9CEB8-8B4A-11D0-8D11-00A0C91BC942}") = "GW2SpyTest", "GW2SpyTest\GW2SpyTest.vcxproj", "{F728EB72-5B3A-4F17-80C7-064C58AF3411}"
EndProject
Project("{FAE04EC0-301F-11D3-BF4B-00C04F79EFBC}") = "GWRaceTimer", "GW2RaceTimer\GWRaceTimer.csproj", "{DE505569-D7EB-4E96-A390-5E4DDD8058A2}"
EndProject
Global
	GlobalSection(SolutionConfigurationPlatforms) = preSolution
		Debug|Any CPU = Debug|Any CPU
		Debug|x64 = Debug|x64
		Debug|x86 = Debug|x86
		Release|Any CPU = Release|Any CPU
		Release|x64 = Release|x64
		Release|x86 = Release|x86
	EndGlobalSection
	GlobalSection(ProjectConfigurationPlatforms) = postSolution
		{45861161-552F-428F-AC13-5F8D867F78C1}.Debug|Any CPU.ActiveCfg = Debug|Win32
		{45861161-552F-428F-AC13-5F8D867F78C1}.Debug|x64.ActiveCfg = Debug|x64
		{45861161-552F-428F-AC13-5F8D867F78C1}.Debug|x64.Build.0 = Debug|x64
		{45861161-552F-428F-AC13-5F8D867F78C1}.Debug|x86.ActiveCfg = Debug|Win32
		{45861161-552F-428F-AC13-5F8D867F78C1}.Debug|x86.Build.0 = Debug|Win32
		{45861161-552F-428F-AC13-5F8D867F78C1}.Release|Any CPU.ActiveCfg = Release|Win32
		{45861161-552F-428F-AC13-5F8D867F78C1}.Release|x64.ActiveCfg = Release|x64
		{45861161-552F-428F-AC13-5F8D867F78C1}.Release|x64.Build.0 = Release|x64
		{45861161-552F-428F-AC13-5F8D867F78C1}.Release|x86.ActiveCfg = Release|Win32
		{45861161-552F-428F-AC13-5F8D867F78C1}.Release|x86.Build.0 = Release|Win32
		{F728EB72-5B3A-4F17-80C7-064C58AF3411}.Debug|Any CPU.ActiveCfg = Debug|Win32
		{F728EB72-5B3A-4F17-80C7-064C58AF3411}.Debug|x64.ActiveCfg = Debug|x64
		{F728EB72-5B3A-4F17-80C7-064C58AF3411}.Debug|x64.Build.0 = Debug|x64
		{F728EB72-5B3A-4F17-80C7-064C58AF3411}.Debug|x86.ActiveCfg = Debug|Win32
		{F728EB72-5B3A-4F17-80C7-064C58AF3411}.Debug|x86.Build.0 = Debug|Win32
		{F728EB72-5B3A-4F17-80C7-064C58AF3411}.Release|Any CPU.ActiveCfg = Release|Win32
		{F728EB72-5B3A-4F17-80C7-064C58AF3411}.Release|x64.ActiveCfg = Release|x64
		{F728EB72-5B3A-4F17-80C7-064C58AF3411}.Release|x64.Build.0 = Release|x64
		{F728EB72-5B3A-4F17-80C7-064C58AF3411}.Release|x86.ActiveCfg = Release|Win32
		{F728EB72-5B3A-4F17-80C7-064C58AF3411}.Release|x86.Build.0 = Release|Win32
		{DE505569-D7EB-4E96-A390-5E4DDD8058A2}.Debug|Any CPU.ActiveCfg = Debug|Any CPU
		{DE505569-D7EB-4E96-A390-5E4DDD8058A2}.Debug|Any CPU.Build.0 = Debug|Any CPU
		{DE505569-D7EB-4E96-A390-5E4DDD8058A2}.Debug|x64.ActiveCfg = Debug|Any CPU
		{DE505569-D7EB-4E96-A390-5E4DDD8058A2}.Debug|x64.Build.0 = Debug|Any CPU
		{DE505569-D7EB-4E96-A390-5E4DDD8058A2}.Debug|x86.ActiveCfg = Debug|Any CPU
		{DE505569-D7EB-4E96-A390-5E4DDD8058A2}.Debug|x86.Build.0 = Debug|Any CPU
		{DE505569-D7EB-4E96-A390-5E4DDD8058A2}.Release|Any CPU.ActiveCfg = Release|Any CPU
		{DE505569-D7EB-4E96-A390-5E4DDD8058A2}.Release|Any CPU.Build.0 = Release|Any CPU
		{DE505569-D7EB-4E96-A390-5E4DDD8058A2}.Release|x64.ActiveCfg = Release|Any CPU
		{DE505569-D7EB-4E96-A390-5E4DDD8058A2}.Release|x64.Build.0 = Release|Any CPU
		{DE505569-D7EB-4E96-A390-5E4DDD8058A2}.Release|x86.ActiveCfg = Release|Any CPU
		{DE505569-D7EB-4E96-A390-5E4DDD8058A2}.Release|x86.Build.0 = Release|Any CPU
	EndGlobalSection
	GlobalSection(SolutionProperties) = preSolution
		HideSolutionNode = FALSE
	EndGlobalSection
	GlobalSection(ExtensibilityGlobals) = postSolution
		SolutionGuid = {C6E8080F-2A70-4580-BD38-809E7D5B4A51}
	EndGlobalSection
EndGlobal
